
Microsoft Visual Studio Solution File, Format Version 12.00
# Visual Studio Version 17
VisualStudioVersion = 17.5.33516.290
MinimumVisualStudioVersion = 10.0.40219.1
Project("{FAE04EC0-301F-11D3-BF4B-00C04F79EFBC}") = "TP_VarYSec_Ejercicio1", "TP_VarYSec_Ejercicio1\TP_VarYSec_Ejercicio1.csproj", "{D2E63924-7F36-4ACC-938E-5F4C74A4A572}"
EndProject
Global
	GlobalSection(SolutionConfigurationPlatforms) = preSolution
		Debug|Any CPU = Debug|Any CPU
		Release|Any CPU = Release|Any CPU
	EndGlobalSection
	GlobalSection(ProjectConfigurationPlatforms) = postSolution
		{D2E63924-7F36-4ACC-938E-5F4C74A4A572}.Debug|Any CPU.ActiveCfg = Debug|Any CPU
		{D2E63924-7F36-4ACC-938E-5F4C74A4A572}.Debug|Any CPU.Build.0 = Debug|Any CPU
		{D2E63924-7F36-4ACC-938E-5F4C74A4A572}.Release|Any CPU.ActiveCfg = Release|Any CPU
		{D2E63924-7F36-4ACC-938E-5F4C74A4A572}.Release|Any CPU.Build.0 = Release|Any CPU
	EndGlobalSection
	GlobalSection(SolutionProperties) = preSolution
		HideSolutionNode = FALSE
	EndGlobalSection
	GlobalSection(ExtensibilityGlobals) = postSolution
		SolutionGuid = {EADE5104-DF92-424F-A775-9B472C12243C}
	EndGlobalSection
EndGlobal
